<?xml version="1.0" encoding="utf-8"?>
<Project ToolsVersion="4.0" xmlns="http://schemas.microsoft.com/developer/msbuild/2003">
  <ItemGroup>
    <Filter Include="src">
      <UniqueIdentifier>{0f41ffea-045a-460a-9518-cb7d3221308e}</UniqueIdentifier>
    </Filter>
    <Filter Include="include">
      <UniqueIdentifier>{666256a3-0710-4690-b1cb-ef35152a0070}</UniqueIdentifier>
    </Filter>
  </ItemGroup>
  <ItemGroup>
    <ClCompile Include="test.cpp">
      <Filter>src</Filter>
    </ClCompile>
    <ClCompile Include="cub_spline.cpp">
      <Filter>src</Filter>
    </ClCompile>
  </ItemGroup>
  <ItemGroup>
    <ClInclude Include="cub_spline.h">
      <Filter>include</Filter>
    </ClInclude>
  </ItemGroup>
</Project>